
Microsoft Visual Studio Solution File, Format Version 12.00
Project("{2150E333-8FDC-42A3-9474-1A3956D46DE8}") = "Day01", "Day01", "{A6C05093-674E-49C0-944F-FA6C62C89CB7}"
EndProject
Project("{F2A71F9B-5D33-465A-A702-920D77279786}") = "Day01", "src\Day01\Day01.fsproj", "{6C65E503-8293-485C-8829-7AD7F4D6CD35}"
EndProject
Project("{F2A71F9B-5D33-465A-A702-920D77279786}") = "Day01Test", "test\Day01Test\Day01Test.fsproj", "{38704040-36FF-488A-9946-44B11C24C41D}"
EndProject
Project("{2150E333-8FDC-42A3-9474-1A3956D46DE8}") = "Day02", "Day02", "{6D57E2AA-578C-4655-A42B-3D22D2C5DE55}"
EndProject
Project("{F2A71F9B-5D33-465A-A702-920D77279786}") = "Day02Test", "test\Day02Test\Day02Test.fsproj", "{985088C9-3E3A-4BCA-879B-97A3DD5FF03F}"
EndProject
Project("{F2A71F9B-5D33-465A-A702-920D77279786}") = "Day02", "src\Day02\Day02.fsproj", "{09008837-5ED6-4B7F-9C12-EEB0F7D26BB3}"
EndProject
Project("{2150E333-8FDC-42A3-9474-1A3956D46DE8}") = "Day03", "Day03", "{A0A40467-7F47-4122-BDCE-6F25ED5B54EE}"
EndProject
Project("{F2A71F9B-5D33-465A-A702-920D77279786}") = "Day03", "src\Day03\Day03.fsproj", "{650CA83D-FCDD-4CE9-8A53-8C3B0C788512}"
EndProject
Project("{F2A71F9B-5D33-465A-A702-920D77279786}") = "Day03Test", "test\Day03Test\Day03Test.fsproj", "{E08FEE65-7165-427A-8971-E4863A6A24D3}"
EndProject
Project("{2150E333-8FDC-42A3-9474-1A3956D46DE8}") = "Day04", "Day04", "{F9EEBBF2-BA68-4DD9-8592-070691869584}"
EndProject
Project("{F2A71F9B-5D33-465A-A702-920D77279786}") = "Day04Test", "test\Day04Test\Day04Test.fsproj", "{88185F6C-29AE-4366-B820-53BBD69E9A60}"
EndProject
Project("{F2A71F9B-5D33-465A-A702-920D77279786}") = "Day04", "src\Day04\Day04.fsproj", "{30E8D357-B326-4AAA-8A7A-2EA9AFBC270D}"
EndProject
Project("{2150E333-8FDC-42A3-9474-1A3956D46DE8}") = "Day05", "Day05", "{EBA53230-AE77-4002-8AB0-8FB11E308206}"
EndProject
Project("{F2A71F9B-5D33-465A-A702-920D77279786}") = "Day05", "src\Day05\Day05.fsproj", "{CC235488-8872-4BF8-9F4D-E4594FA04FD3}"
EndProject
Project("{F2A71F9B-5D33-465A-A702-920D77279786}") = "Day05Test", "test\Day05Test\Day05Test.fsproj", "{9E96F174-FD2E-478B-A0AA-6BC5A3F32B16}"
EndProject
Project("{2150E333-8FDC-42A3-9474-1A3956D46DE8}") = "Day06", "Day06", "{FD39EC1D-DB12-4283-BFC3-BBA8F08C6258}"
EndProject
Project("{FAE04EC0-301F-11D3-BF4B-00C04F79EFBC}") = "Day06", "src\Day06\Day06.csproj", "{6F78174D-40C2-4C3F-AD28-563997ACCF95}"
EndProject
Project("{FAE04EC0-301F-11D3-BF4B-00C04F79EFBC}") = "Day06Test", "test\Day06Test\Day06Test.csproj", "{5D132097-0D1D-41CC-905D-719CDA96018E}"
EndProject
Project("{2150E333-8FDC-42A3-9474-1A3956D46DE8}") = "Day07", "Day07", "{16B40C4A-3FFE-4E80-93C4-2EA0FB9844DF}"
EndProject
Project("{FAE04EC0-301F-11D3-BF4B-00C04F79EFBC}") = "Day07", "src\Day07\Day07.csproj", "{5D048545-C53F-4A2B-AEEB-3DDAD2B40EE4}"
EndProject
Project("{FAE04EC0-301F-11D3-BF4B-00C04F79EFBC}") = "Day07Test", "test\Day07Test\Day07Test.csproj", "{93F2942A-47C0-4FB3-99FB-86BA159C45AB}"
EndProject
Project("{2150E333-8FDC-42A3-9474-1A3956D46DE8}") = "Day08", "Day08", "{F1060671-84E6-400C-9517-14E04A21B685}"
EndProject
Project("{FAE04EC0-301F-11D3-BF4B-00C04F79EFBC}") = "Day08Test", "test\Day08Test\Day08Test.csproj", "{34906D67-DC87-4A1D-89BE-44D25A55605F}"
EndProject
Project("{FAE04EC0-301F-11D3-BF4B-00C04F79EFBC}") = "Day08", "src\Day08\Day08.csproj", "{AE50BBA7-EB78-42C2-A784-70B313281700}"
EndProject
Project("{2150E333-8FDC-42A3-9474-1A3956D46DE8}") = "Day09", "Day09", "{B4C83036-9C76-4851-857C-2688C92D8798}"
EndProject
Project("{F2A71F9B-5D33-465A-A702-920D77279786}") = "Day09", "src\Day09\Day09.fsproj", "{CF116448-2967-46FF-9DCF-35F477941ADD}"
EndProject
Project("{F2A71F9B-5D33-465A-A702-920D77279786}") = "Day09Test", "test\Day09Test\Day09Test.fsproj", "{6A7B30B4-3B86-4BB5-9E96-EE51EC1D2F79}"
EndProject
Global
	GlobalSection(SolutionConfigurationPlatforms) = preSolution
		Debug|Any CPU = Debug|Any CPU
		Release|Any CPU = Release|Any CPU
	EndGlobalSection
	GlobalSection(ProjectConfigurationPlatforms) = postSolution
		{6C65E503-8293-485C-8829-7AD7F4D6CD35}.Debug|Any CPU.ActiveCfg = Debug|Any CPU
		{6C65E503-8293-485C-8829-7AD7F4D6CD35}.Debug|Any CPU.Build.0 = Debug|Any CPU
		{6C65E503-8293-485C-8829-7AD7F4D6CD35}.Release|Any CPU.ActiveCfg = Release|Any CPU
		{6C65E503-8293-485C-8829-7AD7F4D6CD35}.Release|Any CPU.Build.0 = Release|Any CPU
		{38704040-36FF-488A-9946-44B11C24C41D}.Debug|Any CPU.ActiveCfg = Debug|Any CPU
		{38704040-36FF-488A-9946-44B11C24C41D}.Debug|Any CPU.Build.0 = Debug|Any CPU
		{38704040-36FF-488A-9946-44B11C24C41D}.Release|Any CPU.ActiveCfg = Release|Any CPU
		{38704040-36FF-488A-9946-44B11C24C41D}.Release|Any CPU.Build.0 = Release|Any CPU
		{985088C9-3E3A-4BCA-879B-97A3DD5FF03F}.Debug|Any CPU.ActiveCfg = Debug|Any CPU
		{985088C9-3E3A-4BCA-879B-97A3DD5FF03F}.Debug|Any CPU.Build.0 = Debug|Any CPU
		{985088C9-3E3A-4BCA-879B-97A3DD5FF03F}.Release|Any CPU.ActiveCfg = Release|Any CPU
		{985088C9-3E3A-4BCA-879B-97A3DD5FF03F}.Release|Any CPU.Build.0 = Release|Any CPU
		{09008837-5ED6-4B7F-9C12-EEB0F7D26BB3}.Debug|Any CPU.ActiveCfg = Debug|Any CPU
		{09008837-5ED6-4B7F-9C12-EEB0F7D26BB3}.Debug|Any CPU.Build.0 = Debug|Any CPU
		{09008837-5ED6-4B7F-9C12-EEB0F7D26BB3}.Release|Any CPU.ActiveCfg = Release|Any CPU
		{09008837-5ED6-4B7F-9C12-EEB0F7D26BB3}.Release|Any CPU.Build.0 = Release|Any CPU
		{650CA83D-FCDD-4CE9-8A53-8C3B0C788512}.Debug|Any CPU.ActiveCfg = Debug|Any CPU
		{650CA83D-FCDD-4CE9-8A53-8C3B0C788512}.Debug|Any CPU.Build.0 = Debug|Any CPU
		{650CA83D-FCDD-4CE9-8A53-8C3B0C788512}.Release|Any CPU.ActiveCfg = Release|Any CPU
		{650CA83D-FCDD-4CE9-8A53-8C3B0C788512}.Release|Any CPU.Build.0 = Release|Any CPU
		{E08FEE65-7165-427A-8971-E4863A6A24D3}.Debug|Any CPU.ActiveCfg = Debug|Any CPU
		{E08FEE65-7165-427A-8971-E4863A6A24D3}.Debug|Any CPU.Build.0 = Debug|Any CPU
		{E08FEE65-7165-427A-8971-E4863A6A24D3}.Release|Any CPU.ActiveCfg = Release|Any CPU
		{E08FEE65-7165-427A-8971-E4863A6A24D3}.Release|Any CPU.Build.0 = Release|Any CPU
		{88185F6C-29AE-4366-B820-53BBD69E9A60}.Debug|Any CPU.ActiveCfg = Debug|Any CPU
		{88185F6C-29AE-4366-B820-53BBD69E9A60}.Debug|Any CPU.Build.0 = Debug|Any CPU
		{88185F6C-29AE-4366-B820-53BBD69E9A60}.Release|Any CPU.ActiveCfg = Release|Any CPU
		{88185F6C-29AE-4366-B820-53BBD69E9A60}.Release|Any CPU.Build.0 = Release|Any CPU
		{30E8D357-B326-4AAA-8A7A-2EA9AFBC270D}.Debug|Any CPU.ActiveCfg = Debug|Any CPU
		{30E8D357-B326-4AAA-8A7A-2EA9AFBC270D}.Debug|Any CPU.Build.0 = Debug|Any CPU
		{30E8D357-B326-4AAA-8A7A-2EA9AFBC270D}.Release|Any CPU.ActiveCfg = Release|Any CPU
		{30E8D357-B326-4AAA-8A7A-2EA9AFBC270D}.Release|Any CPU.Build.0 = Release|Any CPU
		{CC235488-8872-4BF8-9F4D-E4594FA04FD3}.Debug|Any CPU.ActiveCfg = Debug|Any CPU
		{CC235488-8872-4BF8-9F4D-E4594FA04FD3}.Debug|Any CPU.Build.0 = Debug|Any CPU
		{CC235488-8872-4BF8-9F4D-E4594FA04FD3}.Release|Any CPU.ActiveCfg = Release|Any CPU
		{CC235488-8872-4BF8-9F4D-E4594FA04FD3}.Release|Any CPU.Build.0 = Release|Any CPU
		{9E96F174-FD2E-478B-A0AA-6BC5A3F32B16}.Debug|Any CPU.ActiveCfg = Debug|Any CPU
		{9E96F174-FD2E-478B-A0AA-6BC5A3F32B16}.Debug|Any CPU.Build.0 = Debug|Any CPU
		{9E96F174-FD2E-478B-A0AA-6BC5A3F32B16}.Release|Any CPU.ActiveCfg = Release|Any CPU
		{9E96F174-FD2E-478B-A0AA-6BC5A3F32B16}.Release|Any CPU.Build.0 = Release|Any CPU
		{6F78174D-40C2-4C3F-AD28-563997ACCF95}.Debug|Any CPU.ActiveCfg = Debug|Any CPU
		{6F78174D-40C2-4C3F-AD28-563997ACCF95}.Debug|Any CPU.Build.0 = Debug|Any CPU
		{6F78174D-40C2-4C3F-AD28-563997ACCF95}.Release|Any CPU.ActiveCfg = Release|Any CPU
		{6F78174D-40C2-4C3F-AD28-563997ACCF95}.Release|Any CPU.Build.0 = Release|Any CPU
		{5D132097-0D1D-41CC-905D-719CDA96018E}.Debug|Any CPU.ActiveCfg = Debug|Any CPU
		{5D132097-0D1D-41CC-905D-719CDA96018E}.Debug|Any CPU.Build.0 = Debug|Any CPU
		{5D132097-0D1D-41CC-905D-719CDA96018E}.Release|Any CPU.ActiveCfg = Release|Any CPU
		{5D132097-0D1D-41CC-905D-719CDA96018E}.Release|Any CPU.Build.0 = Release|Any CPU
		{5D048545-C53F-4A2B-AEEB-3DDAD2B40EE4}.Debug|Any CPU.ActiveCfg = Debug|Any CPU
		{5D048545-C53F-4A2B-AEEB-3DDAD2B40EE4}.Debug|Any CPU.Build.0 = Debug|Any CPU
		{5D048545-C53F-4A2B-AEEB-3DDAD2B40EE4}.Release|Any CPU.ActiveCfg = Release|Any CPU
		{5D048545-C53F-4A2B-AEEB-3DDAD2B40EE4}.Release|Any CPU.Build.0 = Release|Any CPU
		{93F2942A-47C0-4FB3-99FB-86BA159C45AB}.Debug|Any CPU.ActiveCfg = Debug|Any CPU
		{93F2942A-47C0-4FB3-99FB-86BA159C45AB}.Debug|Any CPU.Build.0 = Debug|Any CPU
		{93F2942A-47C0-4FB3-99FB-86BA159C45AB}.Release|Any CPU.ActiveCfg = Release|Any CPU
		{93F2942A-47C0-4FB3-99FB-86BA159C45AB}.Release|Any CPU.Build.0 = Release|Any CPU
		{34906D67-DC87-4A1D-89BE-44D25A55605F}.Debug|Any CPU.ActiveCfg = Debug|Any CPU
		{34906D67-DC87-4A1D-89BE-44D25A55605F}.Debug|Any CPU.Build.0 = Debug|Any CPU
		{34906D67-DC87-4A1D-89BE-44D25A55605F}.Release|Any CPU.ActiveCfg = Release|Any CPU
		{34906D67-DC87-4A1D-89BE-44D25A55605F}.Release|Any CPU.Build.0 = Release|Any CPU
		{AE50BBA7-EB78-42C2-A784-70B313281700}.Debug|Any CPU.ActiveCfg = Debug|Any CPU
		{AE50BBA7-EB78-42C2-A784-70B313281700}.Debug|Any CPU.Build.0 = Debug|Any CPU
		{AE50BBA7-EB78-42C2-A784-70B313281700}.Release|Any CPU.ActiveCfg = Release|Any CPU
		{AE50BBA7-EB78-42C2-A784-70B313281700}.Release|Any CPU.Build.0 = Release|Any CPU
		{CF116448-2967-46FF-9DCF-35F477941ADD}.Debug|Any CPU.ActiveCfg = Debug|Any CPU
		{CF116448-2967-46FF-9DCF-35F477941ADD}.Debug|Any CPU.Build.0 = Debug|Any CPU
		{CF116448-2967-46FF-9DCF-35F477941ADD}.Release|Any CPU.ActiveCfg = Release|Any CPU
		{CF116448-2967-46FF-9DCF-35F477941ADD}.Release|Any CPU.Build.0 = Release|Any CPU
		{6A7B30B4-3B86-4BB5-9E96-EE51EC1D2F79}.Debug|Any CPU.ActiveCfg = Debug|Any CPU
		{6A7B30B4-3B86-4BB5-9E96-EE51EC1D2F79}.Debug|Any CPU.Build.0 = Debug|Any CPU
		{6A7B30B4-3B86-4BB5-9E96-EE51EC1D2F79}.Release|Any CPU.ActiveCfg = Release|Any CPU
		{6A7B30B4-3B86-4BB5-9E96-EE51EC1D2F79}.Release|Any CPU.Build.0 = Release|Any CPU
	EndGlobalSection
	GlobalSection(NestedProjects) = preSolution
		{6C65E503-8293-485C-8829-7AD7F4D6CD35} = {A6C05093-674E-49C0-944F-FA6C62C89CB7}
		{38704040-36FF-488A-9946-44B11C24C41D} = {A6C05093-674E-49C0-944F-FA6C62C89CB7}
		{985088C9-3E3A-4BCA-879B-97A3DD5FF03F} = {6D57E2AA-578C-4655-A42B-3D22D2C5DE55}
		{09008837-5ED6-4B7F-9C12-EEB0F7D26BB3} = {6D57E2AA-578C-4655-A42B-3D22D2C5DE55}
		{650CA83D-FCDD-4CE9-8A53-8C3B0C788512} = {A0A40467-7F47-4122-BDCE-6F25ED5B54EE}
		{E08FEE65-7165-427A-8971-E4863A6A24D3} = {A0A40467-7F47-4122-BDCE-6F25ED5B54EE}
		{88185F6C-29AE-4366-B820-53BBD69E9A60} = {F9EEBBF2-BA68-4DD9-8592-070691869584}
		{30E8D357-B326-4AAA-8A7A-2EA9AFBC270D} = {F9EEBBF2-BA68-4DD9-8592-070691869584}
		{CC235488-8872-4BF8-9F4D-E4594FA04FD3} = {EBA53230-AE77-4002-8AB0-8FB11E308206}
		{9E96F174-FD2E-478B-A0AA-6BC5A3F32B16} = {EBA53230-AE77-4002-8AB0-8FB11E308206}
		{6F78174D-40C2-4C3F-AD28-563997ACCF95} = {FD39EC1D-DB12-4283-BFC3-BBA8F08C6258}
		{5D132097-0D1D-41CC-905D-719CDA96018E} = {FD39EC1D-DB12-4283-BFC3-BBA8F08C6258}
		{5D048545-C53F-4A2B-AEEB-3DDAD2B40EE4} = {16B40C4A-3FFE-4E80-93C4-2EA0FB9844DF}
		{93F2942A-47C0-4FB3-99FB-86BA159C45AB} = {16B40C4A-3FFE-4E80-93C4-2EA0FB9844DF}
		{34906D67-DC87-4A1D-89BE-44D25A55605F} = {F1060671-84E6-400C-9517-14E04A21B685}
		{AE50BBA7-EB78-42C2-A784-70B313281700} = {F1060671-84E6-400C-9517-14E04A21B685}
		{CF116448-2967-46FF-9DCF-35F477941ADD} = {B4C83036-9C76-4851-857C-2688C92D8798}
		{6A7B30B4-3B86-4BB5-9E96-EE51EC1D2F79} = {B4C83036-9C76-4851-857C-2688C92D8798}
	EndGlobalSection
EndGlobal
