
Microsoft Visual Studio Solution File, Format Version 12.00
Project("{2150E333-8FDC-42A3-9474-1A3956D46DE8}") = "Day01", "Day01", "{A6C05093-674E-49C0-944F-FA6C62C89CB7}"
EndProject
Project("{F2A71F9B-5D33-465A-A702-920D77279786}") = "Day01", "Day01\Day01.fsproj", "{6C65E503-8293-485C-8829-7AD7F4D6CD35}"
EndProject
Project("{F2A71F9B-5D33-465A-A702-920D77279786}") = "Day01Test", "Day01\Day01Test\Day01Test.fsproj", "{38704040-36FF-488A-9946-44B11C24C41D}"
EndProject
Project("{2150E333-8FDC-42A3-9474-1A3956D46DE8}") = "Day02", "Day02", "{6D57E2AA-578C-4655-A42B-3D22D2C5DE55}"
EndProject
Project("{F2A71F9B-5D33-465A-A702-920D77279786}") = "Day02Test", "Day02Test\Day02Test.fsproj", "{985088C9-3E3A-4BCA-879B-97A3DD5FF03F}"
EndProject
Project("{F2A71F9B-5D33-465A-A702-920D77279786}") = "Day02", "Day02\Day02.fsproj", "{09008837-5ED6-4B7F-9C12-EEB0F7D26BB3}"
EndProject
Global
	GlobalSection(SolutionConfigurationPlatforms) = preSolution
		Debug|Any CPU = Debug|Any CPU
		Release|Any CPU = Release|Any CPU
	EndGlobalSection
	GlobalSection(ProjectConfigurationPlatforms) = postSolution
		{6C65E503-8293-485C-8829-7AD7F4D6CD35}.Debug|Any CPU.ActiveCfg = Debug|Any CPU
		{6C65E503-8293-485C-8829-7AD7F4D6CD35}.Debug|Any CPU.Build.0 = Debug|Any CPU
		{6C65E503-8293-485C-8829-7AD7F4D6CD35}.Release|Any CPU.ActiveCfg = Release|Any CPU
		{6C65E503-8293-485C-8829-7AD7F4D6CD35}.Release|Any CPU.Build.0 = Release|Any CPU
		{38704040-36FF-488A-9946-44B11C24C41D}.Debug|Any CPU.ActiveCfg = Debug|Any CPU
		{38704040-36FF-488A-9946-44B11C24C41D}.Debug|Any CPU.Build.0 = Debug|Any CPU
		{38704040-36FF-488A-9946-44B11C24C41D}.Release|Any CPU.ActiveCfg = Release|Any CPU
		{38704040-36FF-488A-9946-44B11C24C41D}.Release|Any CPU.Build.0 = Release|Any CPU
		{985088C9-3E3A-4BCA-879B-97A3DD5FF03F}.Debug|Any CPU.ActiveCfg = Debug|Any CPU
		{985088C9-3E3A-4BCA-879B-97A3DD5FF03F}.Debug|Any CPU.Build.0 = Debug|Any CPU
		{985088C9-3E3A-4BCA-879B-97A3DD5FF03F}.Release|Any CPU.ActiveCfg = Release|Any CPU
		{985088C9-3E3A-4BCA-879B-97A3DD5FF03F}.Release|Any CPU.Build.0 = Release|Any CPU
		{09008837-5ED6-4B7F-9C12-EEB0F7D26BB3}.Debug|Any CPU.ActiveCfg = Debug|Any CPU
		{09008837-5ED6-4B7F-9C12-EEB0F7D26BB3}.Debug|Any CPU.Build.0 = Debug|Any CPU
		{09008837-5ED6-4B7F-9C12-EEB0F7D26BB3}.Release|Any CPU.ActiveCfg = Release|Any CPU
		{09008837-5ED6-4B7F-9C12-EEB0F7D26BB3}.Release|Any CPU.Build.0 = Release|Any CPU
	EndGlobalSection
	GlobalSection(NestedProjects) = preSolution
		{6C65E503-8293-485C-8829-7AD7F4D6CD35} = {A6C05093-674E-49C0-944F-FA6C62C89CB7}
		{38704040-36FF-488A-9946-44B11C24C41D} = {A6C05093-674E-49C0-944F-FA6C62C89CB7}
		{985088C9-3E3A-4BCA-879B-97A3DD5FF03F} = {6D57E2AA-578C-4655-A42B-3D22D2C5DE55}
		{09008837-5ED6-4B7F-9C12-EEB0F7D26BB3} = {6D57E2AA-578C-4655-A42B-3D22D2C5DE55}
	EndGlobalSection
EndGlobal
