
Microsoft Visual Studio Solution File, Format Version 12.00
Project("{2150E333-8FDC-42A3-9474-1A3956D46DE8}") = "Day01", "Day01", "{A6C05093-674E-49C0-944F-FA6C62C89CB7}"
EndProject
Project("{F2A71F9B-5D33-465A-A702-920D77279786}") = "Day01", "src\Day01\Day01.fsproj", "{6C65E503-8293-485C-8829-7AD7F4D6CD35}"
EndProject
Project("{F2A71F9B-5D33-465A-A702-920D77279786}") = "Day01Test", "test\Day01Test\Day01Test.fsproj", "{38704040-36FF-488A-9946-44B11C24C41D}"
EndProject
Project("{2150E333-8FDC-42A3-9474-1A3956D46DE8}") = "Day02", "Day02", "{6D57E2AA-578C-4655-A42B-3D22D2C5DE55}"
EndProject
Project("{F2A71F9B-5D33-465A-A702-920D77279786}") = "Day02Test", "test\Day02Test\Day02Test.fsproj", "{985088C9-3E3A-4BCA-879B-97A3DD5FF03F}"
EndProject
Project("{F2A71F9B-5D33-465A-A702-920D77279786}") = "Day02", "src\Day02\Day02.fsproj", "{09008837-5ED6-4B7F-9C12-EEB0F7D26BB3}"
EndProject
Project("{2150E333-8FDC-42A3-9474-1A3956D46DE8}") = "Day03", "Day03", "{A0A40467-7F47-4122-BDCE-6F25ED5B54EE}"
EndProject
Project("{F2A71F9B-5D33-465A-A702-920D77279786}") = "Day03", "src\Day03\Day03.fsproj", "{650CA83D-FCDD-4CE9-8A53-8C3B0C788512}"
EndProject
Project("{F2A71F9B-5D33-465A-A702-920D77279786}") = "Day03Test", "test\Day03Test\Day03Test.fsproj", "{E08FEE65-7165-427A-8971-E4863A6A24D3}"
EndProject
Project("{2150E333-8FDC-42A3-9474-1A3956D46DE8}") = "Day04", "Day04", "{F9EEBBF2-BA68-4DD9-8592-070691869584}"
EndProject
Project("{F2A71F9B-5D33-465A-A702-920D77279786}") = "Day04Test", "test\Day04Test\Day04Test.fsproj", "{88185F6C-29AE-4366-B820-53BBD69E9A60}"
EndProject
Project("{F2A71F9B-5D33-465A-A702-920D77279786}") = "Day04", "src\Day04\Day04.fsproj", "{30E8D357-B326-4AAA-8A7A-2EA9AFBC270D}"
EndProject
Project("{2150E333-8FDC-42A3-9474-1A3956D46DE8}") = "Day05", "Day05", "{EBA53230-AE77-4002-8AB0-8FB11E308206}"
EndProject
Project("{F2A71F9B-5D33-465A-A702-920D77279786}") = "Day05", "src\Day05\Day05.fsproj", "{CC235488-8872-4BF8-9F4D-E4594FA04FD3}"
EndProject
Project("{F2A71F9B-5D33-465A-A702-920D77279786}") = "Day05Test", "test\Day05Test\Day05Test.fsproj", "{9E96F174-FD2E-478B-A0AA-6BC5A3F32B16}"
EndProject
Project("{2150E333-8FDC-42A3-9474-1A3956D46DE8}") = "Day06", "Day06", "{FD39EC1D-DB12-4283-BFC3-BBA8F08C6258}"
EndProject
Project("{FAE04EC0-301F-11D3-BF4B-00C04F79EFBC}") = "Day06", "src\Day06\Day06.csproj", "{6F78174D-40C2-4C3F-AD28-563997ACCF95}"
EndProject
Project("{FAE04EC0-301F-11D3-BF4B-00C04F79EFBC}") = "Day06Test", "test\Day06Test\Day06Test.csproj", "{5D132097-0D1D-41CC-905D-719CDA96018E}"
EndProject
Project("{2150E333-8FDC-42A3-9474-1A3956D46DE8}") = "Day07", "Day07", "{16B40C4A-3FFE-4E80-93C4-2EA0FB9844DF}"
EndProject
Project("{FAE04EC0-301F-11D3-BF4B-00C04F79EFBC}") = "Day07", "src\Day07\Day07.csproj", "{5D048545-C53F-4A2B-AEEB-3DDAD2B40EE4}"
EndProject
Project("{FAE04EC0-301F-11D3-BF4B-00C04F79EFBC}") = "Day07Test", "test\Day07Test\Day07Test.csproj", "{93F2942A-47C0-4FB3-99FB-86BA159C45AB}"
EndProject
Project("{2150E333-8FDC-42A3-9474-1A3956D46DE8}") = "Day08", "Day08", "{F1060671-84E6-400C-9517-14E04A21B685}"
EndProject
Project("{FAE04EC0-301F-11D3-BF4B-00C04F79EFBC}") = "Day08Test", "test\Day08Test\Day08Test.csproj", "{34906D67-DC87-4A1D-89BE-44D25A55605F}"
EndProject
Project("{FAE04EC0-301F-11D3-BF4B-00C04F79EFBC}") = "Day08", "src\Day08\Day08.csproj", "{AE50BBA7-EB78-42C2-A784-70B313281700}"
EndProject
Project("{2150E333-8FDC-42A3-9474-1A3956D46DE8}") = "Day09", "Day09", "{B4C83036-9C76-4851-857C-2688C92D8798}"
EndProject
Project("{F2A71F9B-5D33-465A-A702-920D77279786}") = "Day09", "src\Day09\Day09.fsproj", "{CF116448-2967-46FF-9DCF-35F477941ADD}"
EndProject
Project("{F2A71F9B-5D33-465A-A702-920D77279786}") = "Day09Test", "test\Day09Test\Day09Test.fsproj", "{6A7B30B4-3B86-4BB5-9E96-EE51EC1D2F79}"
EndProject
Project("{2150E333-8FDC-42A3-9474-1A3956D46DE8}") = "Day10", "Day10", "{0C1F14C4-C4E9-4856-907C-93967B2EB0E2}"
EndProject
Project("{F2A71F9B-5D33-465A-A702-920D77279786}") = "Day10", "src\Day10\Day10.fsproj", "{8CF830C9-EC8C-4324-88C6-58A1A1BEDC10}"
EndProject
Project("{F2A71F9B-5D33-465A-A702-920D77279786}") = "Day10Test", "test\Day10Test\Day10Test.fsproj", "{323D0E10-DC3F-4145-9374-437B5B458AFF}"
EndProject
Project("{2150E333-8FDC-42A3-9474-1A3956D46DE8}") = "Day11", "Day11", "{9CB9AA72-C700-438F-8167-BFBEB6FDCE28}"
EndProject
Project("{F2A71F9B-5D33-465A-A702-920D77279786}") = "Day11", "src\Day11\Day11.fsproj", "{4FA92FD2-2E13-49A0-9ECB-5E8826112049}"
EndProject
Project("{F2A71F9B-5D33-465A-A702-920D77279786}") = "Day11Test", "test\Day11Test\Day11Test.fsproj", "{0713AE9F-1B51-4FD0-912A-881AC23F87C7}"
EndProject
Project("{2150E333-8FDC-42A3-9474-1A3956D46DE8}") = "Day12", "Day12", "{0A5CD1C0-0E96-42AF-8F54-2F1CC61BBA29}"
EndProject
Project("{F2A71F9B-5D33-465A-A702-920D77279786}") = "Day12Test", "test\Day12Test\Day12Test.fsproj", "{7ACB8789-3D6A-470E-8110-CB5917EEAC22}"
EndProject
Project("{F2A71F9B-5D33-465A-A702-920D77279786}") = "Day12", "src\Day12\Day12.fsproj", "{D2910A09-FF54-44AD-AAEA-03342F3F8885}"
EndProject
Project("{2150E333-8FDC-42A3-9474-1A3956D46DE8}") = "Day13", "Day13", "{86C41782-3162-47E6-BC29-B8C266F30026}"
EndProject
Project("{F2A71F9B-5D33-465A-A702-920D77279786}") = "Day13", "src\Day13\Day13.fsproj", "{6AEF9D05-EF98-4CC8-AA16-4F401A4EE687}"
EndProject
Project("{F2A71F9B-5D33-465A-A702-920D77279786}") = "Day13Test", "test\Day13Test\Day13Test.fsproj", "{A6112DE9-CD14-4F68-BDF2-AFA47E83A5C4}"
EndProject
Project("{2150E333-8FDC-42A3-9474-1A3956D46DE8}") = "Day14", "Day14", "{4852AC68-0689-40E7-8ACC-990230356E42}"
EndProject
Project("{F2A71F9B-5D33-465A-A702-920D77279786}") = "Day14", "src\Day14\Day14.fsproj", "{68678BC0-B42B-4DD8-946F-5EE4CF711E25}"
EndProject
Project("{F2A71F9B-5D33-465A-A702-920D77279786}") = "Day14Test", "test\Day14Test\Day14Test.fsproj", "{94E417B7-6060-424B-805B-FB4A51262517}"
EndProject
Global
	GlobalSection(SolutionConfigurationPlatforms) = preSolution
		Debug|Any CPU = Debug|Any CPU
		Release|Any CPU = Release|Any CPU
	EndGlobalSection
	GlobalSection(ProjectConfigurationPlatforms) = postSolution
		{6C65E503-8293-485C-8829-7AD7F4D6CD35}.Debug|Any CPU.ActiveCfg = Debug|Any CPU
		{6C65E503-8293-485C-8829-7AD7F4D6CD35}.Debug|Any CPU.Build.0 = Debug|Any CPU
		{6C65E503-8293-485C-8829-7AD7F4D6CD35}.Release|Any CPU.ActiveCfg = Release|Any CPU
		{6C65E503-8293-485C-8829-7AD7F4D6CD35}.Release|Any CPU.Build.0 = Release|Any CPU
		{38704040-36FF-488A-9946-44B11C24C41D}.Debug|Any CPU.ActiveCfg = Debug|Any CPU
		{38704040-36FF-488A-9946-44B11C24C41D}.Debug|Any CPU.Build.0 = Debug|Any CPU
		{38704040-36FF-488A-9946-44B11C24C41D}.Release|Any CPU.ActiveCfg = Release|Any CPU
		{38704040-36FF-488A-9946-44B11C24C41D}.Release|Any CPU.Build.0 = Release|Any CPU
		{985088C9-3E3A-4BCA-879B-97A3DD5FF03F}.Debug|Any CPU.ActiveCfg = Debug|Any CPU
		{985088C9-3E3A-4BCA-879B-97A3DD5FF03F}.Debug|Any CPU.Build.0 = Debug|Any CPU
		{985088C9-3E3A-4BCA-879B-97A3DD5FF03F}.Release|Any CPU.ActiveCfg = Release|Any CPU
		{985088C9-3E3A-4BCA-879B-97A3DD5FF03F}.Release|Any CPU.Build.0 = Release|Any CPU
		{09008837-5ED6-4B7F-9C12-EEB0F7D26BB3}.Debug|Any CPU.ActiveCfg = Debug|Any CPU
		{09008837-5ED6-4B7F-9C12-EEB0F7D26BB3}.Debug|Any CPU.Build.0 = Debug|Any CPU
		{09008837-5ED6-4B7F-9C12-EEB0F7D26BB3}.Release|Any CPU.ActiveCfg = Release|Any CPU
		{09008837-5ED6-4B7F-9C12-EEB0F7D26BB3}.Release|Any CPU.Build.0 = Release|Any CPU
		{650CA83D-FCDD-4CE9-8A53-8C3B0C788512}.Debug|Any CPU.ActiveCfg = Debug|Any CPU
		{650CA83D-FCDD-4CE9-8A53-8C3B0C788512}.Debug|Any CPU.Build.0 = Debug|Any CPU
		{650CA83D-FCDD-4CE9-8A53-8C3B0C788512}.Release|Any CPU.ActiveCfg = Release|Any CPU
		{650CA83D-FCDD-4CE9-8A53-8C3B0C788512}.Release|Any CPU.Build.0 = Release|Any CPU
		{E08FEE65-7165-427A-8971-E4863A6A24D3}.Debug|Any CPU.ActiveCfg = Debug|Any CPU
		{E08FEE65-7165-427A-8971-E4863A6A24D3}.Debug|Any CPU.Build.0 = Debug|Any CPU
		{E08FEE65-7165-427A-8971-E4863A6A24D3}.Release|Any CPU.ActiveCfg = Release|Any CPU
		{E08FEE65-7165-427A-8971-E4863A6A24D3}.Release|Any CPU.Build.0 = Release|Any CPU
		{88185F6C-29AE-4366-B820-53BBD69E9A60}.Debug|Any CPU.ActiveCfg = Debug|Any CPU
		{88185F6C-29AE-4366-B820-53BBD69E9A60}.Debug|Any CPU.Build.0 = Debug|Any CPU
		{88185F6C-29AE-4366-B820-53BBD69E9A60}.Release|Any CPU.ActiveCfg = Release|Any CPU
		{88185F6C-29AE-4366-B820-53BBD69E9A60}.Release|Any CPU.Build.0 = Release|Any CPU
		{30E8D357-B326-4AAA-8A7A-2EA9AFBC270D}.Debug|Any CPU.ActiveCfg = Debug|Any CPU
		{30E8D357-B326-4AAA-8A7A-2EA9AFBC270D}.Debug|Any CPU.Build.0 = Debug|Any CPU
		{30E8D357-B326-4AAA-8A7A-2EA9AFBC270D}.Release|Any CPU.ActiveCfg = Release|Any CPU
		{30E8D357-B326-4AAA-8A7A-2EA9AFBC270D}.Release|Any CPU.Build.0 = Release|Any CPU
		{CC235488-8872-4BF8-9F4D-E4594FA04FD3}.Debug|Any CPU.ActiveCfg = Debug|Any CPU
		{CC235488-8872-4BF8-9F4D-E4594FA04FD3}.Debug|Any CPU.Build.0 = Debug|Any CPU
		{CC235488-8872-4BF8-9F4D-E4594FA04FD3}.Release|Any CPU.ActiveCfg = Release|Any CPU
		{CC235488-8872-4BF8-9F4D-E4594FA04FD3}.Release|Any CPU.Build.0 = Release|Any CPU
		{9E96F174-FD2E-478B-A0AA-6BC5A3F32B16}.Debug|Any CPU.ActiveCfg = Debug|Any CPU
		{9E96F174-FD2E-478B-A0AA-6BC5A3F32B16}.Debug|Any CPU.Build.0 = Debug|Any CPU
		{9E96F174-FD2E-478B-A0AA-6BC5A3F32B16}.Release|Any CPU.ActiveCfg = Release|Any CPU
		{9E96F174-FD2E-478B-A0AA-6BC5A3F32B16}.Release|Any CPU.Build.0 = Release|Any CPU
		{6F78174D-40C2-4C3F-AD28-563997ACCF95}.Debug|Any CPU.ActiveCfg = Debug|Any CPU
		{6F78174D-40C2-4C3F-AD28-563997ACCF95}.Debug|Any CPU.Build.0 = Debug|Any CPU
		{6F78174D-40C2-4C3F-AD28-563997ACCF95}.Release|Any CPU.ActiveCfg = Release|Any CPU
		{6F78174D-40C2-4C3F-AD28-563997ACCF95}.Release|Any CPU.Build.0 = Release|Any CPU
		{5D132097-0D1D-41CC-905D-719CDA96018E}.Debug|Any CPU.ActiveCfg = Debug|Any CPU
		{5D132097-0D1D-41CC-905D-719CDA96018E}.Debug|Any CPU.Build.0 = Debug|Any CPU
		{5D132097-0D1D-41CC-905D-719CDA96018E}.Release|Any CPU.ActiveCfg = Release|Any CPU
		{5D132097-0D1D-41CC-905D-719CDA96018E}.Release|Any CPU.Build.0 = Release|Any CPU
		{5D048545-C53F-4A2B-AEEB-3DDAD2B40EE4}.Debug|Any CPU.ActiveCfg = Debug|Any CPU
		{5D048545-C53F-4A2B-AEEB-3DDAD2B40EE4}.Debug|Any CPU.Build.0 = Debug|Any CPU
		{5D048545-C53F-4A2B-AEEB-3DDAD2B40EE4}.Release|Any CPU.ActiveCfg = Release|Any CPU
		{5D048545-C53F-4A2B-AEEB-3DDAD2B40EE4}.Release|Any CPU.Build.0 = Release|Any CPU
		{93F2942A-47C0-4FB3-99FB-86BA159C45AB}.Debug|Any CPU.ActiveCfg = Debug|Any CPU
		{93F2942A-47C0-4FB3-99FB-86BA159C45AB}.Debug|Any CPU.Build.0 = Debug|Any CPU
		{93F2942A-47C0-4FB3-99FB-86BA159C45AB}.Release|Any CPU.ActiveCfg = Release|Any CPU
		{93F2942A-47C0-4FB3-99FB-86BA159C45AB}.Release|Any CPU.Build.0 = Release|Any CPU
		{34906D67-DC87-4A1D-89BE-44D25A55605F}.Debug|Any CPU.ActiveCfg = Debug|Any CPU
		{34906D67-DC87-4A1D-89BE-44D25A55605F}.Debug|Any CPU.Build.0 = Debug|Any CPU
		{34906D67-DC87-4A1D-89BE-44D25A55605F}.Release|Any CPU.ActiveCfg = Release|Any CPU
		{34906D67-DC87-4A1D-89BE-44D25A55605F}.Release|Any CPU.Build.0 = Release|Any CPU
		{AE50BBA7-EB78-42C2-A784-70B313281700}.Debug|Any CPU.ActiveCfg = Debug|Any CPU
		{AE50BBA7-EB78-42C2-A784-70B313281700}.Debug|Any CPU.Build.0 = Debug|Any CPU
		{AE50BBA7-EB78-42C2-A784-70B313281700}.Release|Any CPU.ActiveCfg = Release|Any CPU
		{AE50BBA7-EB78-42C2-A784-70B313281700}.Release|Any CPU.Build.0 = Release|Any CPU
		{CF116448-2967-46FF-9DCF-35F477941ADD}.Debug|Any CPU.ActiveCfg = Debug|Any CPU
		{CF116448-2967-46FF-9DCF-35F477941ADD}.Debug|Any CPU.Build.0 = Debug|Any CPU
		{CF116448-2967-46FF-9DCF-35F477941ADD}.Release|Any CPU.ActiveCfg = Release|Any CPU
		{CF116448-2967-46FF-9DCF-35F477941ADD}.Release|Any CPU.Build.0 = Release|Any CPU
		{6A7B30B4-3B86-4BB5-9E96-EE51EC1D2F79}.Debug|Any CPU.ActiveCfg = Debug|Any CPU
		{6A7B30B4-3B86-4BB5-9E96-EE51EC1D2F79}.Debug|Any CPU.Build.0 = Debug|Any CPU
		{6A7B30B4-3B86-4BB5-9E96-EE51EC1D2F79}.Release|Any CPU.ActiveCfg = Release|Any CPU
		{6A7B30B4-3B86-4BB5-9E96-EE51EC1D2F79}.Release|Any CPU.Build.0 = Release|Any CPU
		{8CF830C9-EC8C-4324-88C6-58A1A1BEDC10}.Debug|Any CPU.ActiveCfg = Debug|Any CPU
		{8CF830C9-EC8C-4324-88C6-58A1A1BEDC10}.Debug|Any CPU.Build.0 = Debug|Any CPU
		{8CF830C9-EC8C-4324-88C6-58A1A1BEDC10}.Release|Any CPU.ActiveCfg = Release|Any CPU
		{8CF830C9-EC8C-4324-88C6-58A1A1BEDC10}.Release|Any CPU.Build.0 = Release|Any CPU
		{323D0E10-DC3F-4145-9374-437B5B458AFF}.Debug|Any CPU.ActiveCfg = Debug|Any CPU
		{323D0E10-DC3F-4145-9374-437B5B458AFF}.Debug|Any CPU.Build.0 = Debug|Any CPU
		{323D0E10-DC3F-4145-9374-437B5B458AFF}.Release|Any CPU.ActiveCfg = Release|Any CPU
		{323D0E10-DC3F-4145-9374-437B5B458AFF}.Release|Any CPU.Build.0 = Release|Any CPU
		{4FA92FD2-2E13-49A0-9ECB-5E8826112049}.Debug|Any CPU.ActiveCfg = Debug|Any CPU
		{4FA92FD2-2E13-49A0-9ECB-5E8826112049}.Debug|Any CPU.Build.0 = Debug|Any CPU
		{4FA92FD2-2E13-49A0-9ECB-5E8826112049}.Release|Any CPU.ActiveCfg = Release|Any CPU
		{4FA92FD2-2E13-49A0-9ECB-5E8826112049}.Release|Any CPU.Build.0 = Release|Any CPU
		{0713AE9F-1B51-4FD0-912A-881AC23F87C7}.Debug|Any CPU.ActiveCfg = Debug|Any CPU
		{0713AE9F-1B51-4FD0-912A-881AC23F87C7}.Debug|Any CPU.Build.0 = Debug|Any CPU
		{0713AE9F-1B51-4FD0-912A-881AC23F87C7}.Release|Any CPU.ActiveCfg = Release|Any CPU
		{0713AE9F-1B51-4FD0-912A-881AC23F87C7}.Release|Any CPU.Build.0 = Release|Any CPU
		{7ACB8789-3D6A-470E-8110-CB5917EEAC22}.Debug|Any CPU.ActiveCfg = Debug|Any CPU
		{7ACB8789-3D6A-470E-8110-CB5917EEAC22}.Debug|Any CPU.Build.0 = Debug|Any CPU
		{7ACB8789-3D6A-470E-8110-CB5917EEAC22}.Release|Any CPU.ActiveCfg = Release|Any CPU
		{7ACB8789-3D6A-470E-8110-CB5917EEAC22}.Release|Any CPU.Build.0 = Release|Any CPU
		{D2910A09-FF54-44AD-AAEA-03342F3F8885}.Debug|Any CPU.ActiveCfg = Debug|Any CPU
		{D2910A09-FF54-44AD-AAEA-03342F3F8885}.Debug|Any CPU.Build.0 = Debug|Any CPU
		{D2910A09-FF54-44AD-AAEA-03342F3F8885}.Release|Any CPU.ActiveCfg = Release|Any CPU
		{D2910A09-FF54-44AD-AAEA-03342F3F8885}.Release|Any CPU.Build.0 = Release|Any CPU
		{6AEF9D05-EF98-4CC8-AA16-4F401A4EE687}.Debug|Any CPU.ActiveCfg = Debug|Any CPU
		{6AEF9D05-EF98-4CC8-AA16-4F401A4EE687}.Debug|Any CPU.Build.0 = Debug|Any CPU
		{6AEF9D05-EF98-4CC8-AA16-4F401A4EE687}.Release|Any CPU.ActiveCfg = Release|Any CPU
		{6AEF9D05-EF98-4CC8-AA16-4F401A4EE687}.Release|Any CPU.Build.0 = Release|Any CPU
		{A6112DE9-CD14-4F68-BDF2-AFA47E83A5C4}.Debug|Any CPU.ActiveCfg = Debug|Any CPU
		{A6112DE9-CD14-4F68-BDF2-AFA47E83A5C4}.Debug|Any CPU.Build.0 = Debug|Any CPU
		{A6112DE9-CD14-4F68-BDF2-AFA47E83A5C4}.Release|Any CPU.ActiveCfg = Release|Any CPU
		{A6112DE9-CD14-4F68-BDF2-AFA47E83A5C4}.Release|Any CPU.Build.0 = Release|Any CPU
		{68678BC0-B42B-4DD8-946F-5EE4CF711E25}.Debug|Any CPU.ActiveCfg = Debug|Any CPU
		{68678BC0-B42B-4DD8-946F-5EE4CF711E25}.Debug|Any CPU.Build.0 = Debug|Any CPU
		{68678BC0-B42B-4DD8-946F-5EE4CF711E25}.Release|Any CPU.ActiveCfg = Release|Any CPU
		{68678BC0-B42B-4DD8-946F-5EE4CF711E25}.Release|Any CPU.Build.0 = Release|Any CPU
		{94E417B7-6060-424B-805B-FB4A51262517}.Debug|Any CPU.ActiveCfg = Debug|Any CPU
		{94E417B7-6060-424B-805B-FB4A51262517}.Debug|Any CPU.Build.0 = Debug|Any CPU
		{94E417B7-6060-424B-805B-FB4A51262517}.Release|Any CPU.ActiveCfg = Release|Any CPU
		{94E417B7-6060-424B-805B-FB4A51262517}.Release|Any CPU.Build.0 = Release|Any CPU
	EndGlobalSection
	GlobalSection(NestedProjects) = preSolution
		{6C65E503-8293-485C-8829-7AD7F4D6CD35} = {A6C05093-674E-49C0-944F-FA6C62C89CB7}
		{38704040-36FF-488A-9946-44B11C24C41D} = {A6C05093-674E-49C0-944F-FA6C62C89CB7}
		{985088C9-3E3A-4BCA-879B-97A3DD5FF03F} = {6D57E2AA-578C-4655-A42B-3D22D2C5DE55}
		{09008837-5ED6-4B7F-9C12-EEB0F7D26BB3} = {6D57E2AA-578C-4655-A42B-3D22D2C5DE55}
		{650CA83D-FCDD-4CE9-8A53-8C3B0C788512} = {A0A40467-7F47-4122-BDCE-6F25ED5B54EE}
		{E08FEE65-7165-427A-8971-E4863A6A24D3} = {A0A40467-7F47-4122-BDCE-6F25ED5B54EE}
		{88185F6C-29AE-4366-B820-53BBD69E9A60} = {F9EEBBF2-BA68-4DD9-8592-070691869584}
		{30E8D357-B326-4AAA-8A7A-2EA9AFBC270D} = {F9EEBBF2-BA68-4DD9-8592-070691869584}
		{CC235488-8872-4BF8-9F4D-E4594FA04FD3} = {EBA53230-AE77-4002-8AB0-8FB11E308206}
		{9E96F174-FD2E-478B-A0AA-6BC5A3F32B16} = {EBA53230-AE77-4002-8AB0-8FB11E308206}
		{6F78174D-40C2-4C3F-AD28-563997ACCF95} = {FD39EC1D-DB12-4283-BFC3-BBA8F08C6258}
		{5D132097-0D1D-41CC-905D-719CDA96018E} = {FD39EC1D-DB12-4283-BFC3-BBA8F08C6258}
		{5D048545-C53F-4A2B-AEEB-3DDAD2B40EE4} = {16B40C4A-3FFE-4E80-93C4-2EA0FB9844DF}
		{93F2942A-47C0-4FB3-99FB-86BA159C45AB} = {16B40C4A-3FFE-4E80-93C4-2EA0FB9844DF}
		{34906D67-DC87-4A1D-89BE-44D25A55605F} = {F1060671-84E6-400C-9517-14E04A21B685}
		{AE50BBA7-EB78-42C2-A784-70B313281700} = {F1060671-84E6-400C-9517-14E04A21B685}
		{CF116448-2967-46FF-9DCF-35F477941ADD} = {B4C83036-9C76-4851-857C-2688C92D8798}
		{6A7B30B4-3B86-4BB5-9E96-EE51EC1D2F79} = {B4C83036-9C76-4851-857C-2688C92D8798}
		{8CF830C9-EC8C-4324-88C6-58A1A1BEDC10} = {0C1F14C4-C4E9-4856-907C-93967B2EB0E2}
		{323D0E10-DC3F-4145-9374-437B5B458AFF} = {0C1F14C4-C4E9-4856-907C-93967B2EB0E2}
		{4FA92FD2-2E13-49A0-9ECB-5E8826112049} = {9CB9AA72-C700-438F-8167-BFBEB6FDCE28}
		{0713AE9F-1B51-4FD0-912A-881AC23F87C7} = {9CB9AA72-C700-438F-8167-BFBEB6FDCE28}
		{7ACB8789-3D6A-470E-8110-CB5917EEAC22} = {0A5CD1C0-0E96-42AF-8F54-2F1CC61BBA29}
		{D2910A09-FF54-44AD-AAEA-03342F3F8885} = {0A5CD1C0-0E96-42AF-8F54-2F1CC61BBA29}
		{6AEF9D05-EF98-4CC8-AA16-4F401A4EE687} = {86C41782-3162-47E6-BC29-B8C266F30026}
		{A6112DE9-CD14-4F68-BDF2-AFA47E83A5C4} = {86C41782-3162-47E6-BC29-B8C266F30026}
		{68678BC0-B42B-4DD8-946F-5EE4CF711E25} = {4852AC68-0689-40E7-8ACC-990230356E42}
		{94E417B7-6060-424B-805B-FB4A51262517} = {4852AC68-0689-40E7-8ACC-990230356E42}
	EndGlobalSection
EndGlobal
